// !$*UTF8*$!
{
	archiveVersion = 1;
	classes = {
	};
	objectVersion = 56;
	objects = {

/* Begin PBXBuildFile section */
		794527892A97991B00AF31E8 /* OpenFoodsApp.swift in Sources */ = {isa = PBXBuildFile; fileRef = 794527882A97991B00AF31E8 /* OpenFoodsApp.swift */; };
		7945278B2A97991B00AF31E8 /* RootView.swift in Sources */ = {isa = PBXBuildFile; fileRef = 7945278A2A97991B00AF31E8 /* RootView.swift */; };
		7945278D2A97991D00AF31E8 /* Assets.xcassets in Resources */ = {isa = PBXBuildFile; fileRef = 7945278C2A97991D00AF31E8 /* Assets.xcassets */; };
		794527912A97991D00AF31E8 /* Preview Assets.xcassets in Resources */ = {isa = PBXBuildFile; fileRef = 794527902A97991D00AF31E8 /* Preview Assets.xcassets */; };
		7945279B2A97991D00AF31E8 /* OpenFoodsTests.swift in Sources */ = {isa = PBXBuildFile; fileRef = 7945279A2A97991D00AF31E8 /* OpenFoodsTests.swift */; };
		794527A52A97991D00AF31E8 /* OpenFoodsUITests.swift in Sources */ = {isa = PBXBuildFile; fileRef = 794527A42A97991D00AF31E8 /* OpenFoodsUITests.swift */; };
		794527A72A97991D00AF31E8 /* OpenFoodsUITestsLaunchTests.swift in Sources */ = {isa = PBXBuildFile; fileRef = 794527A62A97991D00AF31E8 /* OpenFoodsUITestsLaunchTests.swift */; };
		794527B52A9799B300AF31E8 /* Food.swift in Sources */ = {isa = PBXBuildFile; fileRef = 794527B42A9799B300AF31E8 /* Food.swift */; };
		794527B82A979A3E00AF31E8 /* FoodAPIDataSource.swift in Sources */ = {isa = PBXBuildFile; fileRef = 794527B72A979A3E00AF31E8 /* FoodAPIDataSource.swift */; };
		794527BB2A979D0F00AF31E8 /* FoodAPIRepresentation.swift in Sources */ = {isa = PBXBuildFile; fileRef = 794527BA2A979D0F00AF31E8 /* FoodAPIRepresentation.swift */; };
		794527BD2A979EC300AF31E8 /* FoodRepository.swift in Sources */ = {isa = PBXBuildFile; fileRef = 794527BC2A979EC300AF31E8 /* FoodRepository.swift */; };
		794527C02A97A19A00AF31E8 /* FoodListView.swift in Sources */ = {isa = PBXBuildFile; fileRef = 794527BF2A97A19A00AF31E8 /* FoodListView.swift */; };
		794527C22A97A27000AF31E8 /* FoodListViewRow.swift in Sources */ = {isa = PBXBuildFile; fileRef = 794527C12A97A27000AF31E8 /* FoodListViewRow.swift */; };
		794527C42A97A3FA00AF31E8 /* FoodDetailView.swift in Sources */ = {isa = PBXBuildFile; fileRef = 794527C32A97A3FA00AF31E8 /* FoodDetailView.swift */; };
/* End PBXBuildFile section */

/* Begin PBXContainerItemProxy section */
		794527972A97991D00AF31E8 /* PBXContainerItemProxy */ = {
			isa = PBXContainerItemProxy;
			containerPortal = 7945277D2A97991B00AF31E8 /* Project object */;
			proxyType = 1;
			remoteGlobalIDString = 794527842A97991B00AF31E8;
			remoteInfo = OpenFoods;
		};
		794527A12A97991D00AF31E8 /* PBXContainerItemProxy */ = {
			isa = PBXContainerItemProxy;
			containerPortal = 7945277D2A97991B00AF31E8 /* Project object */;
			proxyType = 1;
			remoteGlobalIDString = 794527842A97991B00AF31E8;
			remoteInfo = OpenFoods;
		};
/* End PBXContainerItemProxy section */

/* Begin PBXFileReference section */
		794527852A97991B00AF31E8 /* OpenFoods.app */ = {isa = PBXFileReference; explicitFileType = wrapper.application; includeInIndex = 0; path = OpenFoods.app; sourceTree = BUILT_PRODUCTS_DIR; };
		794527882A97991B00AF31E8 /* OpenFoodsApp.swift */ = {isa = PBXFileReference; lastKnownFileType = sourcecode.swift; path = OpenFoodsApp.swift; sourceTree = "<group>"; };
		7945278A2A97991B00AF31E8 /* RootView.swift */ = {isa = PBXFileReference; lastKnownFileType = sourcecode.swift; path = RootView.swift; sourceTree = "<group>"; };
		7945278C2A97991D00AF31E8 /* Assets.xcassets */ = {isa = PBXFileReference; lastKnownFileType = folder.assetcatalog; path = Assets.xcassets; sourceTree = "<group>"; };
		7945278E2A97991D00AF31E8 /* OpenFoods.entitlements */ = {isa = PBXFileReference; lastKnownFileType = text.plist.entitlements; path = OpenFoods.entitlements; sourceTree = "<group>"; };
		794527902A97991D00AF31E8 /* Preview Assets.xcassets */ = {isa = PBXFileReference; lastKnownFileType = folder.assetcatalog; path = "Preview Assets.xcassets"; sourceTree = "<group>"; };
		794527962A97991D00AF31E8 /* OpenFoodsTests.xctest */ = {isa = PBXFileReference; explicitFileType = wrapper.cfbundle; includeInIndex = 0; path = OpenFoodsTests.xctest; sourceTree = BUILT_PRODUCTS_DIR; };
		7945279A2A97991D00AF31E8 /* OpenFoodsTests.swift */ = {isa = PBXFileReference; lastKnownFileType = sourcecode.swift; path = OpenFoodsTests.swift; sourceTree = "<group>"; };
		794527A02A97991D00AF31E8 /* OpenFoodsUITests.xctest */ = {isa = PBXFileReference; explicitFileType = wrapper.cfbundle; includeInIndex = 0; path = OpenFoodsUITests.xctest; sourceTree = BUILT_PRODUCTS_DIR; };
		794527A42A97991D00AF31E8 /* OpenFoodsUITests.swift */ = {isa = PBXFileReference; lastKnownFileType = sourcecode.swift; path = OpenFoodsUITests.swift; sourceTree = "<group>"; };
		794527A62A97991D00AF31E8 /* OpenFoodsUITestsLaunchTests.swift */ = {isa = PBXFileReference; lastKnownFileType = sourcecode.swift; path = OpenFoodsUITestsLaunchTests.swift; sourceTree = "<group>"; };
		794527B42A9799B300AF31E8 /* Food.swift */ = {isa = PBXFileReference; lastKnownFileType = sourcecode.swift; path = Food.swift; sourceTree = "<group>"; };
		794527B72A979A3E00AF31E8 /* FoodAPIDataSource.swift */ = {isa = PBXFileReference; lastKnownFileType = sourcecode.swift; path = FoodAPIDataSource.swift; sourceTree = "<group>"; };
		794527BA2A979D0F00AF31E8 /* FoodAPIRepresentation.swift */ = {isa = PBXFileReference; fileEncoding = 4; lastKnownFileType = sourcecode.swift; path = FoodAPIRepresentation.swift; sourceTree = "<group>"; };
		794527BC2A979EC300AF31E8 /* FoodRepository.swift */ = {isa = PBXFileReference; lastKnownFileType = sourcecode.swift; path = FoodRepository.swift; sourceTree = "<group>"; };
		794527BF2A97A19A00AF31E8 /* FoodListView.swift */ = {isa = PBXFileReference; lastKnownFileType = sourcecode.swift; path = FoodListView.swift; sourceTree = "<group>"; };
		794527C12A97A27000AF31E8 /* FoodListViewRow.swift */ = {isa = PBXFileReference; lastKnownFileType = sourcecode.swift; path = FoodListViewRow.swift; sourceTree = "<group>"; };
		794527C32A97A3FA00AF31E8 /* FoodDetailView.swift */ = {isa = PBXFileReference; lastKnownFileType = sourcecode.swift; path = FoodDetailView.swift; sourceTree = "<group>"; };
/* End PBXFileReference section */

/* Begin PBXFrameworksBuildPhase section */
		794527822A97991B00AF31E8 /* Frameworks */ = {
			isa = PBXFrameworksBuildPhase;
			buildActionMask = 2147483647;
			files = (
			);
			runOnlyForDeploymentPostprocessing = 0;
		};
		794527932A97991D00AF31E8 /* Frameworks */ = {
			isa = PBXFrameworksBuildPhase;
			buildActionMask = 2147483647;
			files = (
			);
			runOnlyForDeploymentPostprocessing = 0;
		};
		7945279D2A97991D00AF31E8 /* Frameworks */ = {
			isa = PBXFrameworksBuildPhase;
			buildActionMask = 2147483647;
			files = (
			);
			runOnlyForDeploymentPostprocessing = 0;
		};
/* End PBXFrameworksBuildPhase section */

/* Begin PBXGroup section */
		7945277C2A97991B00AF31E8 = {
			isa = PBXGroup;
			children = (
				794527872A97991B00AF31E8 /* OpenFoods */,
				794527992A97991D00AF31E8 /* OpenFoodsTests */,
				794527A32A97991D00AF31E8 /* OpenFoodsUITests */,
				794527862A97991B00AF31E8 /* Products */,
			);
			sourceTree = "<group>";
		};
		794527862A97991B00AF31E8 /* Products */ = {
			isa = PBXGroup;
			children = (
				794527852A97991B00AF31E8 /* OpenFoods.app */,
				794527962A97991D00AF31E8 /* OpenFoodsTests.xctest */,
				794527A02A97991D00AF31E8 /* OpenFoodsUITests.xctest */,
			);
			name = Products;
			sourceTree = "<group>";
		};
		794527872A97991B00AF31E8 /* OpenFoods */ = {
			isa = PBXGroup;
			children = (
				794527882A97991B00AF31E8 /* OpenFoodsApp.swift */,
				7945278A2A97991B00AF31E8 /* RootView.swift */,
				794527B32A9799A000AF31E8 /* Food */,
				794527C52A97A42300AF31E8 /* Navigation */,
				7945278C2A97991D00AF31E8 /* Assets.xcassets */,
				7945278E2A97991D00AF31E8 /* OpenFoods.entitlements */,
				7945278F2A97991D00AF31E8 /* Preview Content */,
			);
			path = OpenFoods;
			sourceTree = "<group>";
		};
		7945278F2A97991D00AF31E8 /* Preview Content */ = {
			isa = PBXGroup;
			children = (
				794527902A97991D00AF31E8 /* Preview Assets.xcassets */,
			);
			path = "Preview Content";
			sourceTree = "<group>";
		};
		794527992A97991D00AF31E8 /* OpenFoodsTests */ = {
			isa = PBXGroup;
			children = (
				7945279A2A97991D00AF31E8 /* OpenFoodsTests.swift */,
			);
			path = OpenFoodsTests;
			sourceTree = "<group>";
		};
		794527A32A97991D00AF31E8 /* OpenFoodsUITests */ = {
			isa = PBXGroup;
			children = (
				794527A42A97991D00AF31E8 /* OpenFoodsUITests.swift */,
				794527A62A97991D00AF31E8 /* OpenFoodsUITestsLaunchTests.swift */,
			);
			path = OpenFoodsUITests;
			sourceTree = "<group>";
		};
		794527B32A9799A000AF31E8 /* Food */ = {
			isa = PBXGroup;
			children = (
				794527B42A9799B300AF31E8 /* Food.swift */,
				794527B62A979A3300AF31E8 /* Repository */,
				794527BE2A97A18500AF31E8 /* UI */,
			);
			path = Food;
			sourceTree = "<group>";
		};
		794527B62A979A3300AF31E8 /* Repository */ = {
			isa = PBXGroup;
			children = (
				794527B72A979A3E00AF31E8 /* FoodAPIDataSource.swift */,
				794527BA2A979D0F00AF31E8 /* FoodAPIRepresentation.swift */,
				794527BC2A979EC300AF31E8 /* FoodRepository.swift */,
			);
			path = Repository;
			sourceTree = "<group>";
		};
		794527BE2A97A18500AF31E8 /* UI */ = {
			isa = PBXGroup;
			children = (
				794527BF2A97A19A00AF31E8 /* FoodListView.swift */,
				794527C12A97A27000AF31E8 /* FoodListViewRow.swift */,
				794527C32A97A3FA00AF31E8 /* FoodDetailView.swift */,
			);
			path = UI;
			sourceTree = "<group>";
		};
		794527C52A97A42300AF31E8 /* Navigation */ = {
			isa = PBXGroup;
			children = (
			);
			path = Navigation;
			sourceTree = "<group>";
		};
/* End PBXGroup section */

/* Begin PBXNativeTarget section */
		794527842A97991B00AF31E8 /* OpenFoods */ = {
			isa = PBXNativeTarget;
			buildConfigurationList = 794527AA2A97991D00AF31E8 /* Build configuration list for PBXNativeTarget "OpenFoods" */;
			buildPhases = (
				794527812A97991B00AF31E8 /* Sources */,
				794527822A97991B00AF31E8 /* Frameworks */,
				794527832A97991B00AF31E8 /* Resources */,
			);
			buildRules = (
			);
			dependencies = (
			);
			name = OpenFoods;
			productName = OpenFoods;
			productReference = 794527852A97991B00AF31E8 /* OpenFoods.app */;
			productType = "com.apple.product-type.application";
		};
		794527952A97991D00AF31E8 /* OpenFoodsTests */ = {
			isa = PBXNativeTarget;
			buildConfigurationList = 794527AD2A97991D00AF31E8 /* Build configuration list for PBXNativeTarget "OpenFoodsTests" */;
			buildPhases = (
				794527922A97991D00AF31E8 /* Sources */,
				794527932A97991D00AF31E8 /* Frameworks */,
				794527942A97991D00AF31E8 /* Resources */,
			);
			buildRules = (
			);
			dependencies = (
				794527982A97991D00AF31E8 /* PBXTargetDependency */,
			);
			name = OpenFoodsTests;
			productName = OpenFoodsTests;
			productReference = 794527962A97991D00AF31E8 /* OpenFoodsTests.xctest */;
			productType = "com.apple.product-type.bundle.unit-test";
		};
		7945279F2A97991D00AF31E8 /* OpenFoodsUITests */ = {
			isa = PBXNativeTarget;
			buildConfigurationList = 794527B02A97991D00AF31E8 /* Build configuration list for PBXNativeTarget "OpenFoodsUITests" */;
			buildPhases = (
				7945279C2A97991D00AF31E8 /* Sources */,
				7945279D2A97991D00AF31E8 /* Frameworks */,
				7945279E2A97991D00AF31E8 /* Resources */,
			);
			buildRules = (
			);
			dependencies = (
				794527A22A97991D00AF31E8 /* PBXTargetDependency */,
			);
			name = OpenFoodsUITests;
			productName = OpenFoodsUITests;
			productReference = 794527A02A97991D00AF31E8 /* OpenFoodsUITests.xctest */;
			productType = "com.apple.product-type.bundle.ui-testing";
		};
/* End PBXNativeTarget section */

/* Begin PBXProject section */
		7945277D2A97991B00AF31E8 /* Project object */ = {
			isa = PBXProject;
			attributes = {
				BuildIndependentTargetsInParallel = 1;
				LastSwiftUpdateCheck = 1430;
				LastUpgradeCheck = 1430;
				TargetAttributes = {
					794527842A97991B00AF31E8 = {
						CreatedOnToolsVersion = 14.3.1;
					};
					794527952A97991D00AF31E8 = {
						CreatedOnToolsVersion = 14.3.1;
						TestTargetID = 794527842A97991B00AF31E8;
					};
					7945279F2A97991D00AF31E8 = {
						CreatedOnToolsVersion = 14.3.1;
						TestTargetID = 794527842A97991B00AF31E8;
					};
				};
			};
			buildConfigurationList = 794527802A97991B00AF31E8 /* Build configuration list for PBXProject "OpenFoods" */;
			compatibilityVersion = "Xcode 14.0";
			developmentRegion = en;
			hasScannedForEncodings = 0;
			knownRegions = (
				en,
				Base,
			);
			mainGroup = 7945277C2A97991B00AF31E8;
			productRefGroup = 794527862A97991B00AF31E8 /* Products */;
			projectDirPath = "";
			projectRoot = "";
			targets = (
				794527842A97991B00AF31E8 /* OpenFoods */,
				794527952A97991D00AF31E8 /* OpenFoodsTests */,
				7945279F2A97991D00AF31E8 /* OpenFoodsUITests */,
			);
		};
/* End PBXProject section */

/* Begin PBXResourcesBuildPhase section */
		794527832A97991B00AF31E8 /* Resources */ = {
			isa = PBXResourcesBuildPhase;
			buildActionMask = 2147483647;
			files = (
				794527912A97991D00AF31E8 /* Preview Assets.xcassets in Resources */,
				7945278D2A97991D00AF31E8 /* Assets.xcassets in Resources */,
			);
			runOnlyForDeploymentPostprocessing = 0;
		};
		794527942A97991D00AF31E8 /* Resources */ = {
			isa = PBXResourcesBuildPhase;
			buildActionMask = 2147483647;
			files = (
			);
			runOnlyForDeploymentPostprocessing = 0;
		};
		7945279E2A97991D00AF31E8 /* Resources */ = {
			isa = PBXResourcesBuildPhase;
			buildActionMask = 2147483647;
			files = (
			);
			runOnlyForDeploymentPostprocessing = 0;
		};
/* End PBXResourcesBuildPhase section */

/* Begin PBXSourcesBuildPhase section */
		794527812A97991B00AF31E8 /* Sources */ = {
			isa = PBXSourcesBuildPhase;
			buildActionMask = 2147483647;
			files = (
				7945278B2A97991B00AF31E8 /* RootView.swift in Sources */,
				794527892A97991B00AF31E8 /* OpenFoodsApp.swift in Sources */,
				794527C42A97A3FA00AF31E8 /* FoodDetailView.swift in Sources */,
				794527C02A97A19A00AF31E8 /* FoodListView.swift in Sources */,
				794527B52A9799B300AF31E8 /* Food.swift in Sources */,
				794527BD2A979EC300AF31E8 /* FoodRepository.swift in Sources */,
				794527BB2A979D0F00AF31E8 /* FoodAPIRepresentation.swift in Sources */,
				794527B82A979A3E00AF31E8 /* FoodAPIDataSource.swift in Sources */,
				794527C22A97A27000AF31E8 /* FoodListViewRow.swift in Sources */,
			);
			runOnlyForDeploymentPostprocessing = 0;
		};
		794527922A97991D00AF31E8 /* Sources */ = {
			isa = PBXSourcesBuildPhase;
			buildActionMask = 2147483647;
			files = (
				7945279B2A97991D00AF31E8 /* OpenFoodsTests.swift in Sources */,
			);
			runOnlyForDeploymentPostprocessing = 0;
		};
		7945279C2A97991D00AF31E8 /* Sources */ = {
			isa = PBXSourcesBuildPhase;
			buildActionMask = 2147483647;
			files = (
				794527A72A97991D00AF31E8 /* OpenFoodsUITestsLaunchTests.swift in Sources */,
				794527A52A97991D00AF31E8 /* OpenFoodsUITests.swift in Sources */,
			);
			runOnlyForDeploymentPostprocessing = 0;
		};
/* End PBXSourcesBuildPhase section */

/* Begin PBXTargetDependency section */
		794527982A97991D00AF31E8 /* PBXTargetDependency */ = {
			isa = PBXTargetDependency;
			target = 794527842A97991B00AF31E8 /* OpenFoods */;
			targetProxy = 794527972A97991D00AF31E8 /* PBXContainerItemProxy */;
		};
		794527A22A97991D00AF31E8 /* PBXTargetDependency */ = {
			isa = PBXTargetDependency;
			target = 794527842A97991B00AF31E8 /* OpenFoods */;
			targetProxy = 794527A12A97991D00AF31E8 /* PBXContainerItemProxy */;
		};
/* End PBXTargetDependency section */

/* Begin XCBuildConfiguration section */
		794527A82A97991D00AF31E8 /* Debug */ = {
			isa = XCBuildConfiguration;
			buildSettings = {
				ALWAYS_SEARCH_USER_PATHS = NO;
				CLANG_ANALYZER_NONNULL = YES;
				CLANG_ANALYZER_NUMBER_OBJECT_CONVERSION = YES_AGGRESSIVE;
				CLANG_CXX_LANGUAGE_STANDARD = "gnu++20";
				CLANG_ENABLE_MODULES = YES;
				CLANG_ENABLE_OBJC_ARC = YES;
				CLANG_ENABLE_OBJC_WEAK = YES;
				CLANG_WARN_BLOCK_CAPTURE_AUTORELEASING = YES;
				CLANG_WARN_BOOL_CONVERSION = YES;
				CLANG_WARN_COMMA = YES;
				CLANG_WARN_CONSTANT_CONVERSION = YES;
				CLANG_WARN_DEPRECATED_OBJC_IMPLEMENTATIONS = YES;
				CLANG_WARN_DIRECT_OBJC_ISA_USAGE = YES_ERROR;
				CLANG_WARN_DOCUMENTATION_COMMENTS = YES;
				CLANG_WARN_EMPTY_BODY = YES;
				CLANG_WARN_ENUM_CONVERSION = YES;
				CLANG_WARN_INFINITE_RECURSION = YES;
				CLANG_WARN_INT_CONVERSION = YES;
				CLANG_WARN_NON_LITERAL_NULL_CONVERSION = YES;
				CLANG_WARN_OBJC_IMPLICIT_RETAIN_SELF = YES;
				CLANG_WARN_OBJC_LITERAL_CONVERSION = YES;
				CLANG_WARN_OBJC_ROOT_CLASS = YES_ERROR;
				CLANG_WARN_QUOTED_INCLUDE_IN_FRAMEWORK_HEADER = YES;
				CLANG_WARN_RANGE_LOOP_ANALYSIS = YES;
				CLANG_WARN_STRICT_PROTOTYPES = YES;
				CLANG_WARN_SUSPICIOUS_MOVE = YES;
				CLANG_WARN_UNGUARDED_AVAILABILITY = YES_AGGRESSIVE;
				CLANG_WARN_UNREACHABLE_CODE = YES;
				CLANG_WARN__DUPLICATE_METHOD_MATCH = YES;
				COPY_PHASE_STRIP = NO;
				DEBUG_INFORMATION_FORMAT = dwarf;
				ENABLE_STRICT_OBJC_MSGSEND = YES;
				ENABLE_TESTABILITY = YES;
				GCC_C_LANGUAGE_STANDARD = gnu11;
				GCC_DYNAMIC_NO_PIC = NO;
				GCC_NO_COMMON_BLOCKS = YES;
				GCC_OPTIMIZATION_LEVEL = 0;
				GCC_PREPROCESSOR_DEFINITIONS = (
					"DEBUG=1",
					"$(inherited)",
				);
				GCC_WARN_64_TO_32_BIT_CONVERSION = YES;
				GCC_WARN_ABOUT_RETURN_TYPE = YES_ERROR;
				GCC_WARN_UNDECLARED_SELECTOR = YES;
				GCC_WARN_UNINITIALIZED_AUTOS = YES_AGGRESSIVE;
				GCC_WARN_UNUSED_FUNCTION = YES;
				GCC_WARN_UNUSED_VARIABLE = YES;
				MTL_ENABLE_DEBUG_INFO = INCLUDE_SOURCE;
				MTL_FAST_MATH = YES;
				ONLY_ACTIVE_ARCH = YES;
				SWIFT_ACTIVE_COMPILATION_CONDITIONS = DEBUG;
				SWIFT_OPTIMIZATION_LEVEL = "-Onone";
			};
			name = Debug;
		};
		794527A92A97991D00AF31E8 /* Release */ = {
			isa = XCBuildConfiguration;
			buildSettings = {
				ALWAYS_SEARCH_USER_PATHS = NO;
				CLANG_ANALYZER_NONNULL = YES;
				CLANG_ANALYZER_NUMBER_OBJECT_CONVERSION = YES_AGGRESSIVE;
				CLANG_CXX_LANGUAGE_STANDARD = "gnu++20";
				CLANG_ENABLE_MODULES = YES;
				CLANG_ENABLE_OBJC_ARC = YES;
				CLANG_ENABLE_OBJC_WEAK = YES;
				CLANG_WARN_BLOCK_CAPTURE_AUTORELEASING = YES;
				CLANG_WARN_BOOL_CONVERSION = YES;
				CLANG_WARN_COMMA = YES;
				CLANG_WARN_CONSTANT_CONVERSION = YES;
				CLANG_WARN_DEPRECATED_OBJC_IMPLEMENTATIONS = YES;
				CLANG_WARN_DIRECT_OBJC_ISA_USAGE = YES_ERROR;
				CLANG_WARN_DOCUMENTATION_COMMENTS = YES;
				CLANG_WARN_EMPTY_BODY = YES;
				CLANG_WARN_ENUM_CONVERSION = YES;
				CLANG_WARN_INFINITE_RECURSION = YES;
				CLANG_WARN_INT_CONVERSION = YES;
				CLANG_WARN_NON_LITERAL_NULL_CONVERSION = YES;
				CLANG_WARN_OBJC_IMPLICIT_RETAIN_SELF = YES;
				CLANG_WARN_OBJC_LITERAL_CONVERSION = YES;
				CLANG_WARN_OBJC_ROOT_CLASS = YES_ERROR;
				CLANG_WARN_QUOTED_INCLUDE_IN_FRAMEWORK_HEADER = YES;
				CLANG_WARN_RANGE_LOOP_ANALYSIS = YES;
				CLANG_WARN_STRICT_PROTOTYPES = YES;
				CLANG_WARN_SUSPICIOUS_MOVE = YES;
				CLANG_WARN_UNGUARDED_AVAILABILITY = YES_AGGRESSIVE;
				CLANG_WARN_UNREACHABLE_CODE = YES;
				CLANG_WARN__DUPLICATE_METHOD_MATCH = YES;
				COPY_PHASE_STRIP = NO;
				DEBUG_INFORMATION_FORMAT = "dwarf-with-dsym";
				ENABLE_NS_ASSERTIONS = NO;
				ENABLE_STRICT_OBJC_MSGSEND = YES;
				GCC_C_LANGUAGE_STANDARD = gnu11;
				GCC_NO_COMMON_BLOCKS = YES;
				GCC_WARN_64_TO_32_BIT_CONVERSION = YES;
				GCC_WARN_ABOUT_RETURN_TYPE = YES_ERROR;
				GCC_WARN_UNDECLARED_SELECTOR = YES;
				GCC_WARN_UNINITIALIZED_AUTOS = YES_AGGRESSIVE;
				GCC_WARN_UNUSED_FUNCTION = YES;
				GCC_WARN_UNUSED_VARIABLE = YES;
				MTL_ENABLE_DEBUG_INFO = NO;
				MTL_FAST_MATH = YES;
				SWIFT_COMPILATION_MODE = wholemodule;
				SWIFT_OPTIMIZATION_LEVEL = "-O";
			};
			name = Release;
		};
		794527AB2A97991D00AF31E8 /* Debug */ = {
			isa = XCBuildConfiguration;
			buildSettings = {
				ASSETCATALOG_COMPILER_APPICON_NAME = AppIcon;
				ASSETCATALOG_COMPILER_GLOBAL_ACCENT_COLOR_NAME = AccentColor;
				CODE_SIGN_ENTITLEMENTS = OpenFoods/OpenFoods.entitlements;
				CODE_SIGN_STYLE = Automatic;
				CURRENT_PROJECT_VERSION = 1;
				DEVELOPMENT_ASSET_PATHS = "\"OpenFoods/Preview Content\"";
				DEVELOPMENT_TEAM = 6644DNH773;
				ENABLE_HARDENED_RUNTIME = YES;
				ENABLE_PREVIEWS = YES;
				GENERATE_INFOPLIST_FILE = YES;
				"INFOPLIST_KEY_UIApplicationSceneManifest_Generation[sdk=iphoneos*]" = YES;
				"INFOPLIST_KEY_UIApplicationSceneManifest_Generation[sdk=iphonesimulator*]" = YES;
				"INFOPLIST_KEY_UIApplicationSupportsIndirectInputEvents[sdk=iphoneos*]" = YES;
				"INFOPLIST_KEY_UIApplicationSupportsIndirectInputEvents[sdk=iphonesimulator*]" = YES;
				"INFOPLIST_KEY_UILaunchScreen_Generation[sdk=iphoneos*]" = YES;
				"INFOPLIST_KEY_UILaunchScreen_Generation[sdk=iphonesimulator*]" = YES;
				"INFOPLIST_KEY_UIStatusBarStyle[sdk=iphoneos*]" = UIStatusBarStyleDefault;
				"INFOPLIST_KEY_UIStatusBarStyle[sdk=iphonesimulator*]" = UIStatusBarStyleDefault;
				INFOPLIST_KEY_UISupportedInterfaceOrientations_iPad = "UIInterfaceOrientationPortrait UIInterfaceOrientationPortraitUpsideDown UIInterfaceOrientationLandscapeLeft UIInterfaceOrientationLandscapeRight";
				INFOPLIST_KEY_UISupportedInterfaceOrientations_iPhone = "UIInterfaceOrientationPortrait UIInterfaceOrientationLandscapeLeft UIInterfaceOrientationLandscapeRight";
				IPHONEOS_DEPLOYMENT_TARGET = 16.4;
				LD_RUNPATH_SEARCH_PATHS = "@executable_path/Frameworks";
				"LD_RUNPATH_SEARCH_PATHS[sdk=macosx*]" = "@executable_path/../Frameworks";
				MACOSX_DEPLOYMENT_TARGET = 13.3;
				MARKETING_VERSION = 1.0;
				PRODUCT_BUNDLE_IDENTIFIER = com.sawyervaughan.OpenFoods;
				PRODUCT_NAME = "$(TARGET_NAME)";
				SDKROOT = auto;
				SUPPORTED_PLATFORMS = "iphoneos iphonesimulator macosx";
				SWIFT_EMIT_LOC_STRINGS = YES;
				SWIFT_VERSION = 5.0;
				TARGETED_DEVICE_FAMILY = "1,2";
			};
			name = Debug;
		};
		794527AC2A97991D00AF31E8 /* Release */ = {
			isa = XCBuildConfiguration;
			buildSettings = {
				ASSETCATALOG_COMPILER_APPICON_NAME = AppIcon;
				ASSETCATALOG_COMPILER_GLOBAL_ACCENT_COLOR_NAME = AccentColor;
				CODE_SIGN_ENTITLEMENTS = OpenFoods/OpenFoods.entitlements;
				CODE_SIGN_STYLE = Automatic;
				CURRENT_PROJECT_VERSION = 1;
				DEVELOPMENT_ASSET_PATHS = "\"OpenFoods/Preview Content\"";
				DEVELOPMENT_TEAM = 6644DNH773;
				ENABLE_HARDENED_RUNTIME = YES;
				ENABLE_PREVIEWS = YES;
				GENERATE_INFOPLIST_FILE = YES;
				"INFOPLIST_KEY_UIApplicationSceneManifest_Generation[sdk=iphoneos*]" = YES;
				"INFOPLIST_KEY_UIApplicationSceneManifest_Generation[sdk=iphonesimulator*]" = YES;
				"INFOPLIST_KEY_UIApplicationSupportsIndirectInputEvents[sdk=iphoneos*]" = YES;
				"INFOPLIST_KEY_UIApplicationSupportsIndirectInputEvents[sdk=iphonesimulator*]" = YES;
				"INFOPLIST_KEY_UILaunchScreen_Generation[sdk=iphoneos*]" = YES;
				"INFOPLIST_KEY_UILaunchScreen_Generation[sdk=iphonesimulator*]" = YES;
				"INFOPLIST_KEY_UIStatusBarStyle[sdk=iphoneos*]" = UIStatusBarStyleDefault;
				"INFOPLIST_KEY_UIStatusBarStyle[sdk=iphonesimulator*]" = UIStatusBarStyleDefault;
				INFOPLIST_KEY_UISupportedInterfaceOrientations_iPad = "UIInterfaceOrientationPortrait UIInterfaceOrientationPortraitUpsideDown UIInterfaceOrientationLandscapeLeft UIInterfaceOrientationLandscapeRight";
				INFOPLIST_KEY_UISupportedInterfaceOrientations_iPhone = "UIInterfaceOrientationPortrait UIInterfaceOrientationLandscapeLeft UIInterfaceOrientationLandscapeRight";
				IPHONEOS_DEPLOYMENT_TARGET = 16.4;
				LD_RUNPATH_SEARCH_PATHS = "@executable_path/Frameworks";
				"LD_RUNPATH_SEARCH_PATHS[sdk=macosx*]" = "@executable_path/../Frameworks";
				MACOSX_DEPLOYMENT_TARGET = 13.3;
				MARKETING_VERSION = 1.0;
				PRODUCT_BUNDLE_IDENTIFIER = com.sawyervaughan.OpenFoods;
				PRODUCT_NAME = "$(TARGET_NAME)";
				SDKROOT = auto;
				SUPPORTED_PLATFORMS = "iphoneos iphonesimulator macosx";
				SWIFT_EMIT_LOC_STRINGS = YES;
				SWIFT_VERSION = 5.0;
				TARGETED_DEVICE_FAMILY = "1,2";
			};
			name = Release;
		};
		794527AE2A97991D00AF31E8 /* Debug */ = {
			isa = XCBuildConfiguration;
			buildSettings = {
				ALWAYS_EMBED_SWIFT_STANDARD_LIBRARIES = YES;
				BUNDLE_LOADER = "$(TEST_HOST)";
				CODE_SIGN_STYLE = Automatic;
				CURRENT_PROJECT_VERSION = 1;
				DEVELOPMENT_TEAM = 6644DNH773;
				GENERATE_INFOPLIST_FILE = YES;
				IPHONEOS_DEPLOYMENT_TARGET = 16.4;
				MACOSX_DEPLOYMENT_TARGET = 13.3;
				MARKETING_VERSION = 1.0;
				PRODUCT_BUNDLE_IDENTIFIER = com.sawyervaughan.OpenFoodsTests;
				PRODUCT_NAME = "$(TARGET_NAME)";
				SDKROOT = auto;
				SUPPORTED_PLATFORMS = "iphoneos iphonesimulator macosx";
				SWIFT_EMIT_LOC_STRINGS = NO;
				SWIFT_VERSION = 5.0;
				TARGETED_DEVICE_FAMILY = "1,2";
				TEST_HOST = "$(BUILT_PRODUCTS_DIR)/OpenFoods.app/$(BUNDLE_EXECUTABLE_FOLDER_PATH)/OpenFoods";
			};
			name = Debug;
		};
		794527AF2A97991D00AF31E8 /* Release */ = {
			isa = XCBuildConfiguration;
			buildSettings = {
				ALWAYS_EMBED_SWIFT_STANDARD_LIBRARIES = YES;
				BUNDLE_LOADER = "$(TEST_HOST)";
				CODE_SIGN_STYLE = Automatic;
				CURRENT_PROJECT_VERSION = 1;
				DEVELOPMENT_TEAM = 6644DNH773;
				GENERATE_INFOPLIST_FILE = YES;
				IPHONEOS_DEPLOYMENT_TARGET = 16.4;
				MACOSX_DEPLOYMENT_TARGET = 13.3;
				MARKETING_VERSION = 1.0;
				PRODUCT_BUNDLE_IDENTIFIER = com.sawyervaughan.OpenFoodsTests;
				PRODUCT_NAME = "$(TARGET_NAME)";
				SDKROOT = auto;
				SUPPORTED_PLATFORMS = "iphoneos iphonesimulator macosx";
				SWIFT_EMIT_LOC_STRINGS = NO;
				SWIFT_VERSION = 5.0;
				TARGETED_DEVICE_FAMILY = "1,2";
				TEST_HOST = "$(BUILT_PRODUCTS_DIR)/OpenFoods.app/$(BUNDLE_EXECUTABLE_FOLDER_PATH)/OpenFoods";
			};
			name = Release;
		};
		794527B12A97991D00AF31E8 /* Debug */ = {
			isa = XCBuildConfiguration;
			buildSettings = {
				ALWAYS_EMBED_SWIFT_STANDARD_LIBRARIES = YES;
				CODE_SIGN_STYLE = Automatic;
				CURRENT_PROJECT_VERSION = 1;
				DEVELOPMENT_TEAM = 6644DNH773;
				GENERATE_INFOPLIST_FILE = YES;
				IPHONEOS_DEPLOYMENT_TARGET = 16.4;
				MACOSX_DEPLOYMENT_TARGET = 13.3;
				MARKETING_VERSION = 1.0;
				PRODUCT_BUNDLE_IDENTIFIER = com.sawyervaughan.OpenFoodsUITests;
				PRODUCT_NAME = "$(TARGET_NAME)";
				SDKROOT = auto;
				SUPPORTED_PLATFORMS = "iphoneos iphonesimulator macosx";
				SWIFT_EMIT_LOC_STRINGS = NO;
				SWIFT_VERSION = 5.0;
				TARGETED_DEVICE_FAMILY = "1,2";
				TEST_TARGET_NAME = OpenFoods;
			};
			name = Debug;
		};
		794527B22A97991D00AF31E8 /* Release */ = {
			isa = XCBuildConfiguration;
			buildSettings = {
				ALWAYS_EMBED_SWIFT_STANDARD_LIBRARIES = YES;
				CODE_SIGN_STYLE = Automatic;
				CURRENT_PROJECT_VERSION = 1;
				DEVELOPMENT_TEAM = 6644DNH773;
				GENERATE_INFOPLIST_FILE = YES;
				IPHONEOS_DEPLOYMENT_TARGET = 16.4;
				MACOSX_DEPLOYMENT_TARGET = 13.3;
				MARKETING_VERSION = 1.0;
				PRODUCT_BUNDLE_IDENTIFIER = com.sawyervaughan.OpenFoodsUITests;
				PRODUCT_NAME = "$(TARGET_NAME)";
				SDKROOT = auto;
				SUPPORTED_PLATFORMS = "iphoneos iphonesimulator macosx";
				SWIFT_EMIT_LOC_STRINGS = NO;
				SWIFT_VERSION = 5.0;
				TARGETED_DEVICE_FAMILY = "1,2";
				TEST_TARGET_NAME = OpenFoods;
			};
			name = Release;
		};
/* End XCBuildConfiguration section */

/* Begin XCConfigurationList section */
		794527802A97991B00AF31E8 /* Build configuration list for PBXProject "OpenFoods" */ = {
			isa = XCConfigurationList;
			buildConfigurations = (
				794527A82A97991D00AF31E8 /* Debug */,
				794527A92A97991D00AF31E8 /* Release */,
			);
			defaultConfigurationIsVisible = 0;
			defaultConfigurationName = Release;
		};
		794527AA2A97991D00AF31E8 /* Build configuration list for PBXNativeTarget "OpenFoods" */ = {
			isa = XCConfigurationList;
			buildConfigurations = (
				794527AB2A97991D00AF31E8 /* Debug */,
				794527AC2A97991D00AF31E8 /* Release */,
			);
			defaultConfigurationIsVisible = 0;
			defaultConfigurationName = Release;
		};
		794527AD2A97991D00AF31E8 /* Build configuration list for PBXNativeTarget "OpenFoodsTests" */ = {
			isa = XCConfigurationList;
			buildConfigurations = (
				794527AE2A97991D00AF31E8 /* Debug */,
				794527AF2A97991D00AF31E8 /* Release */,
			);
			defaultConfigurationIsVisible = 0;
			defaultConfigurationName = Release;
		};
		794527B02A97991D00AF31E8 /* Build configuration list for PBXNativeTarget "OpenFoodsUITests" */ = {
			isa = XCConfigurationList;
			buildConfigurations = (
				794527B12A97991D00AF31E8 /* Debug */,
				794527B22A97991D00AF31E8 /* Release */,
			);
			defaultConfigurationIsVisible = 0;
			defaultConfigurationName = Release;
		};
/* End XCConfigurationList section */
	};
	rootObject = 7945277D2A97991B00AF31E8 /* Project object */;
}
