// !$*UTF8*$!
{
	archiveVersion = 1;
	classes = {
	};
	objectVersion = 53;
	objects = {

/* Begin PBXBuildFile section */
		009C4C6C1D9F0CD600F0BC6C /* AppDelegate.swift in Sources */ = {isa = PBXBuildFile; fileRef = 009C4C6B1D9F0CD600F0BC6C /* AppDelegate.swift */; };
		009C4C711D9F0CD600F0BC6C /* Main.storyboard in Resources */ = {isa = PBXBuildFile; fileRef = 009C4C6F1D9F0CD600F0BC6C /* Main.storyboard */; };
		009C4C731D9F0CD600F0BC6C /* Assets.xcassets in Resources */ = {isa = PBXBuildFile; fileRef = 009C4C721D9F0CD600F0BC6C /* Assets.xcassets */; };
		009C4C761D9F0CD600F0BC6C /* LaunchScreen.storyboard in Resources */ = {isa = PBXBuildFile; fileRef = 009C4C741D9F0CD600F0BC6C /* LaunchScreen.storyboard */; };
		BA6FD65D2AA21C1D00FED79B /* ClassName.swift in Sources */ = {isa = PBXBuildFile; fileRef = BA6FD65C2AA21C1D00FED79B /* ClassName.swift */; };
		BA6FD65F2AA21C7000FED79B /* Coordinator.swift in Sources */ = {isa = PBXBuildFile; fileRef = BA6FD65E2AA21C7000FED79B /* Coordinator.swift */; };
		BA6FD6612AA21CEB00FED79B /* IBInstantiatable.swift in Sources */ = {isa = PBXBuildFile; fileRef = BA6FD6602AA21CEB00FED79B /* IBInstantiatable.swift */; };
		BA6FD6632AA21D7400FED79B /* AppCoordinator.swift in Sources */ = {isa = PBXBuildFile; fileRef = BA6FD6622AA21D7300FED79B /* AppCoordinator.swift */; };
		BA6FD6682AA21ECA00FED79B /* HomeTableViewController.swift in Sources */ = {isa = PBXBuildFile; fileRef = BA6FD6672AA21ECA00FED79B /* HomeTableViewController.swift */; };
		BA6FD66A2AA21F2100FED79B /* HomeFlowCoordinator.swift in Sources */ = {isa = PBXBuildFile; fileRef = BA6FD6692AA21F2100FED79B /* HomeFlowCoordinator.swift */; };
		BA6FD66C2AA222C400FED79B /* CoordinatorTests.swift in Sources */ = {isa = PBXBuildFile; fileRef = BA6FD66B2AA222C400FED79B /* CoordinatorTests.swift */; };
		BA6FD66F2AA2242000FED79B /* Inject.swift in Sources */ = {isa = PBXBuildFile; fileRef = BA6FD66E2AA2242000FED79B /* Inject.swift */; };
		BA6FD6712AA2249000FED79B /* InjectValue+Extension.swift in Sources */ = {isa = PBXBuildFile; fileRef = BA6FD6702AA2249000FED79B /* InjectValue+Extension.swift */; };
		BA6FD6732AA224E500FED79B /* FoodClient.swift in Sources */ = {isa = PBXBuildFile; fileRef = BA6FD6722AA224E500FED79B /* FoodClient.swift */; };
		BA6FD6762AA2251D00FED79B /* Poppify in Frameworks */ = {isa = PBXBuildFile; productRef = BA6FD6752AA2251D00FED79B /* Poppify */; };
		BA6FD6782AA2293A00FED79B /* FoodListResponse.swift in Sources */ = {isa = PBXBuildFile; fileRef = BA6FD6772AA2293A00FED79B /* FoodListResponse.swift */; };
		BA6FD67A2AA22C2700FED79B /* HomeFlowViewModel.swift in Sources */ = {isa = PBXBuildFile; fileRef = BA6FD6792AA22C2700FED79B /* HomeFlowViewModel.swift */; };
		BA6FD67E2AA22EF100FED79B /* FoodItemTableViewCell.swift in Sources */ = {isa = PBXBuildFile; fileRef = BA6FD67C2AA22EF100FED79B /* FoodItemTableViewCell.swift */; };
		BA6FD67F2AA22EF100FED79B /* FoodItemTableViewCell.xib in Resources */ = {isa = PBXBuildFile; fileRef = BA6FD67D2AA22EF100FED79B /* FoodItemTableViewCell.xib */; };
		BA6FD6812AA22F3F00FED79B /* TableViewCellReusable.swift in Sources */ = {isa = PBXBuildFile; fileRef = BA6FD6802AA22F3F00FED79B /* TableViewCellReusable.swift */; };
		BA6FD6832AA2347F00FED79B /* HomeViewModelTests.swift in Sources */ = {isa = PBXBuildFile; fileRef = BA6FD6822AA2347F00FED79B /* HomeViewModelTests.swift */; };
		BA6FD6852AA234F000FED79B /* MockObjects.swift in Sources */ = {isa = PBXBuildFile; fileRef = BA6FD6842AA234F000FED79B /* MockObjects.swift */; };
/* End PBXBuildFile section */

/* Begin PBXContainerItemProxy section */
		BA6FD6572AA21BA800FED79B /* PBXContainerItemProxy */ = {
			isa = PBXContainerItemProxy;
			containerPortal = 009C4C601D9F0CD600F0BC6C /* Project object */;
			proxyType = 1;
			remoteGlobalIDString = 009C4C671D9F0CD600F0BC6C;
			remoteInfo = OpenFoods;
		};
/* End PBXContainerItemProxy section */

/* Begin PBXFileReference section */
		009C4C681D9F0CD600F0BC6C /* OpenFoods.app */ = {isa = PBXFileReference; explicitFileType = wrapper.application; includeInIndex = 0; path = OpenFoods.app; sourceTree = BUILT_PRODUCTS_DIR; };
		009C4C6B1D9F0CD600F0BC6C /* AppDelegate.swift */ = {isa = PBXFileReference; lastKnownFileType = sourcecode.swift; path = AppDelegate.swift; sourceTree = "<group>"; };
		009C4C701D9F0CD600F0BC6C /* Base */ = {isa = PBXFileReference; lastKnownFileType = file.storyboard; name = Base; path = Base.lproj/Main.storyboard; sourceTree = "<group>"; };
		009C4C721D9F0CD600F0BC6C /* Assets.xcassets */ = {isa = PBXFileReference; lastKnownFileType = folder.assetcatalog; path = Assets.xcassets; sourceTree = "<group>"; };
		009C4C751D9F0CD600F0BC6C /* Base */ = {isa = PBXFileReference; lastKnownFileType = file.storyboard; name = Base; path = Base.lproj/LaunchScreen.storyboard; sourceTree = "<group>"; };
		009C4C771D9F0CD600F0BC6C /* Info.plist */ = {isa = PBXFileReference; lastKnownFileType = text.plist.xml; path = Info.plist; sourceTree = "<group>"; };
		009C4C9D1D9F104800F0BC6C /* README.md */ = {isa = PBXFileReference; lastKnownFileType = net.daringfireball.markdown; path = README.md; sourceTree = "<group>"; };
		BA6FD6532AA21BA700FED79B /* AppTests.xctest */ = {isa = PBXFileReference; explicitFileType = wrapper.cfbundle; includeInIndex = 0; path = AppTests.xctest; sourceTree = BUILT_PRODUCTS_DIR; };
		BA6FD65C2AA21C1D00FED79B /* ClassName.swift */ = {isa = PBXFileReference; lastKnownFileType = sourcecode.swift; path = ClassName.swift; sourceTree = "<group>"; };
		BA6FD65E2AA21C7000FED79B /* Coordinator.swift */ = {isa = PBXFileReference; lastKnownFileType = sourcecode.swift; path = Coordinator.swift; sourceTree = "<group>"; };
		BA6FD6602AA21CEB00FED79B /* IBInstantiatable.swift */ = {isa = PBXFileReference; lastKnownFileType = sourcecode.swift; path = IBInstantiatable.swift; sourceTree = "<group>"; };
		BA6FD6622AA21D7300FED79B /* AppCoordinator.swift */ = {isa = PBXFileReference; lastKnownFileType = sourcecode.swift; path = AppCoordinator.swift; sourceTree = "<group>"; };
		BA6FD6672AA21ECA00FED79B /* HomeTableViewController.swift */ = {isa = PBXFileReference; lastKnownFileType = sourcecode.swift; path = HomeTableViewController.swift; sourceTree = "<group>"; };
		BA6FD6692AA21F2100FED79B /* HomeFlowCoordinator.swift */ = {isa = PBXFileReference; lastKnownFileType = sourcecode.swift; path = HomeFlowCoordinator.swift; sourceTree = "<group>"; };
		BA6FD66B2AA222C400FED79B /* CoordinatorTests.swift */ = {isa = PBXFileReference; lastKnownFileType = sourcecode.swift; path = CoordinatorTests.swift; sourceTree = "<group>"; };
		BA6FD66E2AA2242000FED79B /* Inject.swift */ = {isa = PBXFileReference; lastKnownFileType = sourcecode.swift; path = Inject.swift; sourceTree = "<group>"; };
		BA6FD6702AA2249000FED79B /* InjectValue+Extension.swift */ = {isa = PBXFileReference; lastKnownFileType = sourcecode.swift; path = "InjectValue+Extension.swift"; sourceTree = "<group>"; };
		BA6FD6722AA224E500FED79B /* FoodClient.swift */ = {isa = PBXFileReference; lastKnownFileType = sourcecode.swift; path = FoodClient.swift; sourceTree = "<group>"; };
		BA6FD6772AA2293A00FED79B /* FoodListResponse.swift */ = {isa = PBXFileReference; lastKnownFileType = sourcecode.swift; path = FoodListResponse.swift; sourceTree = "<group>"; };
		BA6FD6792AA22C2700FED79B /* HomeFlowViewModel.swift */ = {isa = PBXFileReference; lastKnownFileType = sourcecode.swift; path = HomeFlowViewModel.swift; sourceTree = "<group>"; };
		BA6FD67C2AA22EF100FED79B /* FoodItemTableViewCell.swift */ = {isa = PBXFileReference; lastKnownFileType = sourcecode.swift; path = FoodItemTableViewCell.swift; sourceTree = "<group>"; };
		BA6FD67D2AA22EF100FED79B /* FoodItemTableViewCell.xib */ = {isa = PBXFileReference; lastKnownFileType = file.xib; path = FoodItemTableViewCell.xib; sourceTree = "<group>"; };
		BA6FD6802AA22F3F00FED79B /* TableViewCellReusable.swift */ = {isa = PBXFileReference; lastKnownFileType = sourcecode.swift; path = TableViewCellReusable.swift; sourceTree = "<group>"; };
		BA6FD6822AA2347F00FED79B /* HomeViewModelTests.swift */ = {isa = PBXFileReference; lastKnownFileType = sourcecode.swift; path = HomeViewModelTests.swift; sourceTree = "<group>"; };
		BA6FD6842AA234F000FED79B /* MockObjects.swift */ = {isa = PBXFileReference; lastKnownFileType = sourcecode.swift; path = MockObjects.swift; sourceTree = "<group>"; };
/* End PBXFileReference section */

/* Begin PBXFrameworksBuildPhase section */
		009C4C651D9F0CD600F0BC6C /* Frameworks */ = {
			isa = PBXFrameworksBuildPhase;
			buildActionMask = 2147483647;
			files = (
				BA6FD6762AA2251D00FED79B /* Poppify in Frameworks */,
			);
			runOnlyForDeploymentPostprocessing = 0;
		};
		BA6FD6502AA21BA700FED79B /* Frameworks */ = {
			isa = PBXFrameworksBuildPhase;
			buildActionMask = 2147483647;
			files = (
			);
			runOnlyForDeploymentPostprocessing = 0;
		};
/* End PBXFrameworksBuildPhase section */

/* Begin PBXGroup section */
		009C4C5F1D9F0CD600F0BC6C = {
			isa = PBXGroup;
			children = (
				009C4C6A1D9F0CD600F0BC6C /* OpenFoods */,
				BA6FD6542AA21BA800FED79B /* AppTests */,
				009C4C691D9F0CD600F0BC6C /* Products */,
				009C4C9D1D9F104800F0BC6C /* README.md */,
			);
			sourceTree = "<group>";
		};
		009C4C691D9F0CD600F0BC6C /* Products */ = {
			isa = PBXGroup;
			children = (
				009C4C681D9F0CD600F0BC6C /* OpenFoods.app */,
				BA6FD6532AA21BA700FED79B /* AppTests.xctest */,
			);
			name = Products;
			sourceTree = "<group>";
		};
		009C4C6A1D9F0CD600F0BC6C /* OpenFoods */ = {
			isa = PBXGroup;
			children = (
				BA6FD6492AA2188500FED79B /* App */,
				BA6FD6482AA2187700FED79B /* Core */,
				009C4C6B1D9F0CD600F0BC6C /* AppDelegate.swift */,
				009C4C721D9F0CD600F0BC6C /* Assets.xcassets */,
				009C4C771D9F0CD600F0BC6C /* Info.plist */,
			);
			path = OpenFoods;
			sourceTree = "<group>";
		};
		BA6FD6482AA2187700FED79B /* Core */ = {
			isa = PBXGroup;
			children = (
				BA6FD66D2AA223D800FED79B /* Injection */,
				BA6FD64C2AA21A4900FED79B /* Network */,
				BA6FD64B2AA21A2900FED79B /* Protocols */,
			);
			path = Core;
			sourceTree = "<group>";
		};
		BA6FD6492AA2188500FED79B /* App */ = {
			isa = PBXGroup;
			children = (
				BA6FD64E2AA21B2200FED79B /* Flows */,
				BA6FD64D2AA21B1200FED79B /* Models */,
				BA6FD64A2AA219EF00FED79B /* UIs */,
			);
			path = App;
			sourceTree = "<group>";
		};
		BA6FD64A2AA219EF00FED79B /* UIs */ = {
			isa = PBXGroup;
			children = (
				BA6FD67B2AA22ED300FED79B /* TableViewCells */,
				009C4C6F1D9F0CD600F0BC6C /* Main.storyboard */,
				009C4C741D9F0CD600F0BC6C /* LaunchScreen.storyboard */,
			);
			path = UIs;
			sourceTree = "<group>";
		};
		BA6FD64B2AA21A2900FED79B /* Protocols */ = {
			isa = PBXGroup;
			children = (
				BA6FD65C2AA21C1D00FED79B /* ClassName.swift */,
				BA6FD65E2AA21C7000FED79B /* Coordinator.swift */,
				BA6FD6602AA21CEB00FED79B /* IBInstantiatable.swift */,
				BA6FD6802AA22F3F00FED79B /* TableViewCellReusable.swift */,
			);
			path = Protocols;
			sourceTree = "<group>";
		};
		BA6FD64C2AA21A4900FED79B /* Network */ = {
			isa = PBXGroup;
			children = (
				BA6FD6722AA224E500FED79B /* FoodClient.swift */,
			);
			path = Network;
			sourceTree = "<group>";
		};
		BA6FD64D2AA21B1200FED79B /* Models */ = {
			isa = PBXGroup;
			children = (
				BA6FD6772AA2293A00FED79B /* FoodListResponse.swift */,
			);
			path = Models;
			sourceTree = "<group>";
		};
		BA6FD64E2AA21B2200FED79B /* Flows */ = {
			isa = PBXGroup;
			children = (
				BA6FD6622AA21D7300FED79B /* AppCoordinator.swift */,
				BA6FD6642AA21E8D00FED79B /* Home */,
			);
			path = Flows;
			sourceTree = "<group>";
		};
		BA6FD6542AA21BA800FED79B /* AppTests */ = {
			isa = PBXGroup;
			children = (
				BA6FD66B2AA222C400FED79B /* CoordinatorTests.swift */,
				BA6FD6822AA2347F00FED79B /* HomeViewModelTests.swift */,
				BA6FD6842AA234F000FED79B /* MockObjects.swift */,
			);
			path = AppTests;
			sourceTree = "<group>";
		};
		BA6FD6642AA21E8D00FED79B /* Home */ = {
			isa = PBXGroup;
			children = (
				BA6FD6692AA21F2100FED79B /* HomeFlowCoordinator.swift */,
				BA6FD6672AA21ECA00FED79B /* HomeTableViewController.swift */,
				BA6FD6792AA22C2700FED79B /* HomeFlowViewModel.swift */,
			);
			path = Home;
			sourceTree = "<group>";
		};
		BA6FD66D2AA223D800FED79B /* Injection */ = {
			isa = PBXGroup;
			children = (
				BA6FD66E2AA2242000FED79B /* Inject.swift */,
				BA6FD6702AA2249000FED79B /* InjectValue+Extension.swift */,
			);
			path = Injection;
			sourceTree = "<group>";
		};
		BA6FD67B2AA22ED300FED79B /* TableViewCells */ = {
			isa = PBXGroup;
			children = (
				BA6FD67C2AA22EF100FED79B /* FoodItemTableViewCell.swift */,
				BA6FD67D2AA22EF100FED79B /* FoodItemTableViewCell.xib */,
			);
			path = TableViewCells;
			sourceTree = "<group>";
		};
/* End PBXGroup section */

/* Begin PBXNativeTarget section */
		009C4C671D9F0CD600F0BC6C /* OpenFoods */ = {
			isa = PBXNativeTarget;
			buildConfigurationList = 009C4C901D9F0CD600F0BC6C /* Build configuration list for PBXNativeTarget "OpenFoods" */;
			buildPhases = (
				009C4C641D9F0CD600F0BC6C /* Sources */,
				009C4C651D9F0CD600F0BC6C /* Frameworks */,
				009C4C661D9F0CD600F0BC6C /* Resources */,
			);
			buildRules = (
			);
			dependencies = (
			);
			name = OpenFoods;
			packageProductDependencies = (
				BA6FD6752AA2251D00FED79B /* Poppify */,
			);
			productName = OpenTweet;
			productReference = 009C4C681D9F0CD600F0BC6C /* OpenFoods.app */;
			productType = "com.apple.product-type.application";
		};
		BA6FD6522AA21BA700FED79B /* AppTests */ = {
			isa = PBXNativeTarget;
			buildConfigurationList = BA6FD6592AA21BA800FED79B /* Build configuration list for PBXNativeTarget "AppTests" */;
			buildPhases = (
				BA6FD64F2AA21BA700FED79B /* Sources */,
				BA6FD6502AA21BA700FED79B /* Frameworks */,
				BA6FD6512AA21BA700FED79B /* Resources */,
			);
			buildRules = (
			);
			dependencies = (
				BA6FD6582AA21BA800FED79B /* PBXTargetDependency */,
			);
			name = AppTests;
			productName = AppTests;
			productReference = BA6FD6532AA21BA700FED79B /* AppTests.xctest */;
			productType = "com.apple.product-type.bundle.unit-test";
		};
/* End PBXNativeTarget section */

/* Begin PBXProject section */
		009C4C601D9F0CD600F0BC6C /* Project object */ = {
			isa = PBXProject;
			attributes = {
				BuildIndependentTargetsInParallel = YES;
				LastSwiftUpdateCheck = 1420;
				LastUpgradeCheck = 1430;
				ORGANIZATIONNAME = "OpenTable, Inc.";
				TargetAttributes = {
					009C4C671D9F0CD600F0BC6C = {
						CreatedOnToolsVersion = 8.0;
						DevelopmentTeam = QPU8QS3E62;
						ProvisioningStyle = Automatic;
					};
					BA6FD6522AA21BA700FED79B = {
						CreatedOnToolsVersion = 14.2;
						TestTargetID = 009C4C671D9F0CD600F0BC6C;
					};
				};
			};
			buildConfigurationList = 009C4C631D9F0CD600F0BC6C /* Build configuration list for PBXProject "OpenFoods" */;
			compatibilityVersion = "Xcode 3.2";
			developmentRegion = en;
			hasScannedForEncodings = 0;
			knownRegions = (
				en,
				Base,
			);
			mainGroup = 009C4C5F1D9F0CD600F0BC6C;
			packageReferences = (
				BA6FD6742AA2251D00FED79B /* XCRemoteSwiftPackageReference "Poppify" */,
			);
			productRefGroup = 009C4C691D9F0CD600F0BC6C /* Products */;
			projectDirPath = "";
			projectRoot = "";
			targets = (
				009C4C671D9F0CD600F0BC6C /* OpenFoods */,
				BA6FD6522AA21BA700FED79B /* AppTests */,
			);
		};
/* End PBXProject section */

/* Begin PBXResourcesBuildPhase section */
		009C4C661D9F0CD600F0BC6C /* Resources */ = {
			isa = PBXResourcesBuildPhase;
			buildActionMask = 2147483647;
			files = (
				BA6FD67F2AA22EF100FED79B /* FoodItemTableViewCell.xib in Resources */,
				009C4C761D9F0CD600F0BC6C /* LaunchScreen.storyboard in Resources */,
				009C4C731D9F0CD600F0BC6C /* Assets.xcassets in Resources */,
				009C4C711D9F0CD600F0BC6C /* Main.storyboard in Resources */,
			);
			runOnlyForDeploymentPostprocessing = 0;
		};
		BA6FD6512AA21BA700FED79B /* Resources */ = {
			isa = PBXResourcesBuildPhase;
			buildActionMask = 2147483647;
			files = (
			);
			runOnlyForDeploymentPostprocessing = 0;
		};
/* End PBXResourcesBuildPhase section */

/* Begin PBXSourcesBuildPhase section */
		009C4C641D9F0CD600F0BC6C /* Sources */ = {
			isa = PBXSourcesBuildPhase;
			buildActionMask = 2147483647;
			files = (
				BA6FD6812AA22F3F00FED79B /* TableViewCellReusable.swift in Sources */,
				BA6FD6712AA2249000FED79B /* InjectValue+Extension.swift in Sources */,
				BA6FD66A2AA21F2100FED79B /* HomeFlowCoordinator.swift in Sources */,
				BA6FD67E2AA22EF100FED79B /* FoodItemTableViewCell.swift in Sources */,
				BA6FD6732AA224E500FED79B /* FoodClient.swift in Sources */,
				BA6FD67A2AA22C2700FED79B /* HomeFlowViewModel.swift in Sources */,
				BA6FD6782AA2293A00FED79B /* FoodListResponse.swift in Sources */,
				BA6FD6682AA21ECA00FED79B /* HomeTableViewController.swift in Sources */,
				BA6FD6632AA21D7400FED79B /* AppCoordinator.swift in Sources */,
				BA6FD6612AA21CEB00FED79B /* IBInstantiatable.swift in Sources */,
				BA6FD66F2AA2242000FED79B /* Inject.swift in Sources */,
				BA6FD65F2AA21C7000FED79B /* Coordinator.swift in Sources */,
				009C4C6C1D9F0CD600F0BC6C /* AppDelegate.swift in Sources */,
				BA6FD65D2AA21C1D00FED79B /* ClassName.swift in Sources */,
			);
			runOnlyForDeploymentPostprocessing = 0;
		};
		BA6FD64F2AA21BA700FED79B /* Sources */ = {
			isa = PBXSourcesBuildPhase;
			buildActionMask = 2147483647;
			files = (
				BA6FD66C2AA222C400FED79B /* CoordinatorTests.swift in Sources */,
				BA6FD6852AA234F000FED79B /* MockObjects.swift in Sources */,
				BA6FD6832AA2347F00FED79B /* HomeViewModelTests.swift in Sources */,
			);
			runOnlyForDeploymentPostprocessing = 0;
		};
/* End PBXSourcesBuildPhase section */

/* Begin PBXTargetDependency section */
		BA6FD6582AA21BA800FED79B /* PBXTargetDependency */ = {
			isa = PBXTargetDependency;
			target = 009C4C671D9F0CD600F0BC6C /* OpenFoods */;
			targetProxy = BA6FD6572AA21BA800FED79B /* PBXContainerItemProxy */;
		};
/* End PBXTargetDependency section */

/* Begin PBXVariantGroup section */
		009C4C6F1D9F0CD600F0BC6C /* Main.storyboard */ = {
			isa = PBXVariantGroup;
			children = (
				009C4C701D9F0CD600F0BC6C /* Base */,
			);
			name = Main.storyboard;
			sourceTree = "<group>";
		};
		009C4C741D9F0CD600F0BC6C /* LaunchScreen.storyboard */ = {
			isa = PBXVariantGroup;
			children = (
				009C4C751D9F0CD600F0BC6C /* Base */,
			);
			name = LaunchScreen.storyboard;
			sourceTree = "<group>";
		};
/* End PBXVariantGroup section */

/* Begin XCBuildConfiguration section */
		009C4C8E1D9F0CD600F0BC6C /* Debug */ = {
			isa = XCBuildConfiguration;
			buildSettings = {
				ALWAYS_SEARCH_USER_PATHS = NO;
				CLANG_ANALYZER_LOCALIZABILITY_NONLOCALIZED = YES;
				CLANG_ANALYZER_NONNULL = YES;
				CLANG_CXX_LANGUAGE_STANDARD = "gnu++0x";
				CLANG_CXX_LIBRARY = "libc++";
				CLANG_ENABLE_MODULES = YES;
				CLANG_ENABLE_OBJC_ARC = YES;
				CLANG_WARN_BLOCK_CAPTURE_AUTORELEASING = YES;
				CLANG_WARN_BOOL_CONVERSION = YES;
				CLANG_WARN_COMMA = YES;
				CLANG_WARN_CONSTANT_CONVERSION = YES;
				CLANG_WARN_DEPRECATED_OBJC_IMPLEMENTATIONS = YES;
				CLANG_WARN_DIRECT_OBJC_ISA_USAGE = YES_ERROR;
				CLANG_WARN_DOCUMENTATION_COMMENTS = YES;
				CLANG_WARN_EMPTY_BODY = YES;
				CLANG_WARN_ENUM_CONVERSION = YES;
				CLANG_WARN_INFINITE_RECURSION = YES;
				CLANG_WARN_INT_CONVERSION = YES;
				CLANG_WARN_NON_LITERAL_NULL_CONVERSION = YES;
				CLANG_WARN_OBJC_IMPLICIT_RETAIN_SELF = YES;
				CLANG_WARN_OBJC_LITERAL_CONVERSION = YES;
				CLANG_WARN_OBJC_ROOT_CLASS = YES_ERROR;
				CLANG_WARN_QUOTED_INCLUDE_IN_FRAMEWORK_HEADER = YES;
				CLANG_WARN_RANGE_LOOP_ANALYSIS = YES;
				CLANG_WARN_STRICT_PROTOTYPES = YES;
				CLANG_WARN_SUSPICIOUS_MOVE = YES;
				CLANG_WARN_SUSPICIOUS_MOVES = YES;
				CLANG_WARN_UNREACHABLE_CODE = YES;
				CLANG_WARN__DUPLICATE_METHOD_MATCH = YES;
				"CODE_SIGN_IDENTITY[sdk=iphoneos*]" = "iPhone Developer";
				COPY_PHASE_STRIP = NO;
				DEBUG_INFORMATION_FORMAT = dwarf;
				ENABLE_STRICT_OBJC_MSGSEND = YES;
				ENABLE_TESTABILITY = YES;
				GCC_C_LANGUAGE_STANDARD = gnu99;
				GCC_DYNAMIC_NO_PIC = NO;
				GCC_NO_COMMON_BLOCKS = YES;
				GCC_OPTIMIZATION_LEVEL = 0;
				GCC_PREPROCESSOR_DEFINITIONS = (
					"DEBUG=1",
					"$(inherited)",
				);
				GCC_WARN_64_TO_32_BIT_CONVERSION = YES;
				GCC_WARN_ABOUT_RETURN_TYPE = YES_ERROR;
				GCC_WARN_UNDECLARED_SELECTOR = YES;
				GCC_WARN_UNINITIALIZED_AUTOS = YES_AGGRESSIVE;
				GCC_WARN_UNUSED_FUNCTION = YES;
				GCC_WARN_UNUSED_VARIABLE = YES;
				IPHONEOS_DEPLOYMENT_TARGET = 12.0;
				MTL_ENABLE_DEBUG_INFO = YES;
				ONLY_ACTIVE_ARCH = YES;
				SDKROOT = iphoneos;
				SWIFT_ACTIVE_COMPILATION_CONDITIONS = DEBUG;
				SWIFT_OPTIMIZATION_LEVEL = "-Onone";
				TARGETED_DEVICE_FAMILY = "1,2";
			};
			name = Debug;
		};
		009C4C8F1D9F0CD600F0BC6C /* Release */ = {
			isa = XCBuildConfiguration;
			buildSettings = {
				ALWAYS_SEARCH_USER_PATHS = NO;
				CLANG_ANALYZER_LOCALIZABILITY_NONLOCALIZED = YES;
				CLANG_ANALYZER_NONNULL = YES;
				CLANG_CXX_LANGUAGE_STANDARD = "gnu++0x";
				CLANG_CXX_LIBRARY = "libc++";
				CLANG_ENABLE_MODULES = YES;
				CLANG_ENABLE_OBJC_ARC = YES;
				CLANG_WARN_BLOCK_CAPTURE_AUTORELEASING = YES;
				CLANG_WARN_BOOL_CONVERSION = YES;
				CLANG_WARN_COMMA = YES;
				CLANG_WARN_CONSTANT_CONVERSION = YES;
				CLANG_WARN_DEPRECATED_OBJC_IMPLEMENTATIONS = YES;
				CLANG_WARN_DIRECT_OBJC_ISA_USAGE = YES_ERROR;
				CLANG_WARN_DOCUMENTATION_COMMENTS = YES;
				CLANG_WARN_EMPTY_BODY = YES;
				CLANG_WARN_ENUM_CONVERSION = YES;
				CLANG_WARN_INFINITE_RECURSION = YES;
				CLANG_WARN_INT_CONVERSION = YES;
				CLANG_WARN_NON_LITERAL_NULL_CONVERSION = YES;
				CLANG_WARN_OBJC_IMPLICIT_RETAIN_SELF = YES;
				CLANG_WARN_OBJC_LITERAL_CONVERSION = YES;
				CLANG_WARN_OBJC_ROOT_CLASS = YES_ERROR;
				CLANG_WARN_QUOTED_INCLUDE_IN_FRAMEWORK_HEADER = YES;
				CLANG_WARN_RANGE_LOOP_ANALYSIS = YES;
				CLANG_WARN_STRICT_PROTOTYPES = YES;
				CLANG_WARN_SUSPICIOUS_MOVE = YES;
				CLANG_WARN_SUSPICIOUS_MOVES = YES;
				CLANG_WARN_UNREACHABLE_CODE = YES;
				CLANG_WARN__DUPLICATE_METHOD_MATCH = YES;
				"CODE_SIGN_IDENTITY[sdk=iphoneos*]" = "iPhone Developer";
				COPY_PHASE_STRIP = NO;
				DEBUG_INFORMATION_FORMAT = "dwarf-with-dsym";
				ENABLE_NS_ASSERTIONS = NO;
				ENABLE_STRICT_OBJC_MSGSEND = YES;
				GCC_C_LANGUAGE_STANDARD = gnu99;
				GCC_NO_COMMON_BLOCKS = YES;
				GCC_WARN_64_TO_32_BIT_CONVERSION = YES;
				GCC_WARN_ABOUT_RETURN_TYPE = YES_ERROR;
				GCC_WARN_UNDECLARED_SELECTOR = YES;
				GCC_WARN_UNINITIALIZED_AUTOS = YES_AGGRESSIVE;
				GCC_WARN_UNUSED_FUNCTION = YES;
				GCC_WARN_UNUSED_VARIABLE = YES;
				IPHONEOS_DEPLOYMENT_TARGET = 12.0;
				MTL_ENABLE_DEBUG_INFO = NO;
				SDKROOT = iphoneos;
				SWIFT_COMPILATION_MODE = wholemodule;
				SWIFT_OPTIMIZATION_LEVEL = "-O";
				TARGETED_DEVICE_FAMILY = "1,2";
				VALIDATE_PRODUCT = YES;
			};
			name = Release;
		};
		009C4C911D9F0CD600F0BC6C /* Debug */ = {
			isa = XCBuildConfiguration;
			buildSettings = {
				ASSETCATALOG_COMPILER_APPICON_NAME = AppIcon;
				DEVELOPMENT_TEAM = QPU8QS3E62;
				INFOPLIST_FILE = OpenFoods/Info.plist;
				IPHONEOS_DEPLOYMENT_TARGET = 14.1;
				LD_RUNPATH_SEARCH_PATHS = (
					"$(inherited)",
					"@executable_path/Frameworks",
				);
				PRODUCT_BUNDLE_IDENTIFIER = com.opentable.OpenFoods;
				PRODUCT_NAME = "$(TARGET_NAME)";
				SWIFT_VERSION = 5.0;
			};
			name = Debug;
		};
		009C4C921D9F0CD600F0BC6C /* Release */ = {
			isa = XCBuildConfiguration;
			buildSettings = {
				ASSETCATALOG_COMPILER_APPICON_NAME = AppIcon;
				DEVELOPMENT_TEAM = QPU8QS3E62;
				INFOPLIST_FILE = OpenFoods/Info.plist;
				IPHONEOS_DEPLOYMENT_TARGET = 14.1;
				LD_RUNPATH_SEARCH_PATHS = (
					"$(inherited)",
					"@executable_path/Frameworks",
				);
				PRODUCT_BUNDLE_IDENTIFIER = com.opentable.OpenFoods;
				PRODUCT_NAME = "$(TARGET_NAME)";
				SWIFT_VERSION = 5.0;
			};
			name = Release;
		};
		BA6FD65A2AA21BA800FED79B /* Debug */ = {
			isa = XCBuildConfiguration;
			buildSettings = {
				BUNDLE_LOADER = "$(TEST_HOST)";
				CLANG_ANALYZER_NUMBER_OBJECT_CONVERSION = YES_AGGRESSIVE;
				CLANG_CXX_LANGUAGE_STANDARD = "gnu++20";
				CLANG_ENABLE_OBJC_WEAK = YES;
				CLANG_WARN_UNGUARDED_AVAILABILITY = YES_AGGRESSIVE;
				CODE_SIGN_STYLE = Automatic;
				CURRENT_PROJECT_VERSION = 1;
				GCC_C_LANGUAGE_STANDARD = gnu11;
				GENERATE_INFOPLIST_FILE = YES;
				IPHONEOS_DEPLOYMENT_TARGET = 16.2;
				MACOSX_DEPLOYMENT_TARGET = 13.1;
				MARKETING_VERSION = 1.0;
				MTL_ENABLE_DEBUG_INFO = INCLUDE_SOURCE;
				MTL_FAST_MATH = YES;
				PRODUCT_BUNDLE_IDENTIFIER = com.sample.AppTests;
				PRODUCT_NAME = "$(TARGET_NAME)";
				SDKROOT = auto;
				SUPPORTED_PLATFORMS = "iphoneos iphonesimulator macosx";
				SWIFT_EMIT_LOC_STRINGS = NO;
				SWIFT_VERSION = 5.0;
				TARGETED_DEVICE_FAMILY = "1,2";
				TEST_HOST = "$(BUILT_PRODUCTS_DIR)/OpenFoods.app/$(BUNDLE_EXECUTABLE_FOLDER_PATH)/OpenFoods";
			};
			name = Debug;
		};
		BA6FD65B2AA21BA800FED79B /* Release */ = {
			isa = XCBuildConfiguration;
			buildSettings = {
				BUNDLE_LOADER = "$(TEST_HOST)";
				CLANG_ANALYZER_NUMBER_OBJECT_CONVERSION = YES_AGGRESSIVE;
				CLANG_CXX_LANGUAGE_STANDARD = "gnu++20";
				CLANG_ENABLE_OBJC_WEAK = YES;
				CLANG_WARN_UNGUARDED_AVAILABILITY = YES_AGGRESSIVE;
				CODE_SIGN_STYLE = Automatic;
				CURRENT_PROJECT_VERSION = 1;
				GCC_C_LANGUAGE_STANDARD = gnu11;
				GENERATE_INFOPLIST_FILE = YES;
				IPHONEOS_DEPLOYMENT_TARGET = 16.2;
				MACOSX_DEPLOYMENT_TARGET = 13.1;
				MARKETING_VERSION = 1.0;
				MTL_FAST_MATH = YES;
				PRODUCT_BUNDLE_IDENTIFIER = com.sample.AppTests;
				PRODUCT_NAME = "$(TARGET_NAME)";
				SDKROOT = auto;
				SUPPORTED_PLATFORMS = "iphoneos iphonesimulator macosx";
				SWIFT_EMIT_LOC_STRINGS = NO;
				SWIFT_VERSION = 5.0;
				TARGETED_DEVICE_FAMILY = "1,2";
				TEST_HOST = "$(BUILT_PRODUCTS_DIR)/OpenFoods.app/$(BUNDLE_EXECUTABLE_FOLDER_PATH)/OpenFoods";
			};
			name = Release;
		};
/* End XCBuildConfiguration section */

/* Begin XCConfigurationList section */
		009C4C631D9F0CD600F0BC6C /* Build configuration list for PBXProject "OpenFoods" */ = {
			isa = XCConfigurationList;
			buildConfigurations = (
				009C4C8E1D9F0CD600F0BC6C /* Debug */,
				009C4C8F1D9F0CD600F0BC6C /* Release */,
			);
			defaultConfigurationIsVisible = 0;
			defaultConfigurationName = Release;
		};
		009C4C901D9F0CD600F0BC6C /* Build configuration list for PBXNativeTarget "OpenFoods" */ = {
			isa = XCConfigurationList;
			buildConfigurations = (
				009C4C911D9F0CD600F0BC6C /* Debug */,
				009C4C921D9F0CD600F0BC6C /* Release */,
			);
			defaultConfigurationIsVisible = 0;
			defaultConfigurationName = Release;
		};
		BA6FD6592AA21BA800FED79B /* Build configuration list for PBXNativeTarget "AppTests" */ = {
			isa = XCConfigurationList;
			buildConfigurations = (
				BA6FD65A2AA21BA800FED79B /* Debug */,
				BA6FD65B2AA21BA800FED79B /* Release */,
			);
			defaultConfigurationIsVisible = 0;
			defaultConfigurationName = Release;
		};
/* End XCConfigurationList section */

/* Begin XCRemoteSwiftPackageReference section */
		BA6FD6742AA2251D00FED79B /* XCRemoteSwiftPackageReference "Poppify" */ = {
			isa = XCRemoteSwiftPackageReference;
			repositoryURL = "https://github.com/OccamsCode/Poppify";
			requirement = {
				kind = upToNextMajorVersion;
				minimumVersion = 1.0.0;
			};
		};
/* End XCRemoteSwiftPackageReference section */

/* Begin XCSwiftPackageProductDependency section */
		BA6FD6752AA2251D00FED79B /* Poppify */ = {
			isa = XCSwiftPackageProductDependency;
			package = BA6FD6742AA2251D00FED79B /* XCRemoteSwiftPackageReference "Poppify" */;
			productName = Poppify;
		};
/* End XCSwiftPackageProductDependency section */
	};
	rootObject = 009C4C601D9F0CD600F0BC6C /* Project object */;
}
